github.com/McShelby/hugo-theme-relearn v0.0.0-20240507204003-21b4289ecf44 h1:AKT4XmMcPBvNx6/aIjCMZxKj7Gwl1j7CSJLszuyRRLc=
github.com/McShelby/hugo-theme-relearn v0.0.0-20240507204003-21b4289ecf44/go.mod h1:mKQQdxZNIlLvAj8X3tMq+RzntIJSr9z7XdzuMomt0IM=
github.com/McShelby/hugo-theme-relearn v0.0.0-20251119222230-c04916355a8e h1:iwxkwVd3qy4UbTDvQQd/D/dGEmILYZ6Ne3P1ghtqyj0=
github.com/McShelby/hugo-theme-relearn v0.0.0-20251119222230-c04916355a8e/go.mod h1:mKQQdxZNIlLvAj8X3tMq+RzntIJSr9z7XdzuMomt0IM=
